// !$*UTF8*$!
{
	archiveVersion = 1;
	classes = {
	};
	objectVersion = 50;
	objects = {

/* Begin PBXBuildFile section */
		653ABD1520C25EC600F32195 /* AppDelegate.swift in Sources */ = {isa = PBXBuildFile; fileRef = 653ABD1420C25EC600F32195 /* AppDelegate.swift */; };
		653ABD1720C25EC600F32195 /* ViewController.swift in Sources */ = {isa = PBXBuildFile; fileRef = 653ABD1620C25EC600F32195 /* ViewController.swift */; };
		653ABD1A20C25EC600F32195 /* Main.storyboard in Resources */ = {isa = PBXBuildFile; fileRef = 653ABD1820C25EC600F32195 /* Main.storyboard */; };
		653ABD1D20C25EC600F32195 /* Cards.xcdatamodeld in Sources */ = {isa = PBXBuildFile; fileRef = 653ABD1B20C25EC600F32195 /* Cards.xcdatamodeld */; };
		653ABD1F20C25EC700F32195 /* Assets.xcassets in Resources */ = {isa = PBXBuildFile; fileRef = 653ABD1E20C25EC700F32195 /* Assets.xcassets */; };
		653ABD2220C25EC700F32195 /* LaunchScreen.storyboard in Resources */ = {isa = PBXBuildFile; fileRef = 653ABD2020C25EC700F32195 /* LaunchScreen.storyboard */; };
		653ABD2D20C25EC700F32195 /* CardsTests.swift in Sources */ = {isa = PBXBuildFile; fileRef = 653ABD2C20C25EC700F32195 /* CardsTests.swift */; };
		653ABD3820C25EC700F32195 /* CardsUITests.swift in Sources */ = {isa = PBXBuildFile; fileRef = 653ABD3720C25EC700F32195 /* CardsUITests.swift */; };
		65AD288E20C38B9D00591015 /* SecondVCViewController.swift in Sources */ = {isa = PBXBuildFile; fileRef = 65AD288D20C38B9D00591015 /* SecondVCViewController.swift */; };
		65DE8F1520C5B286001468E4 /* LandingPage.swift in Sources */ = {isa = PBXBuildFile; fileRef = 65DE8F1420C5B286001468E4 /* LandingPage.swift */; };
		65DE8F1920C7061C001468E4 /* ListCreate.swift in Sources */ = {isa = PBXBuildFile; fileRef = 65DE8F1820C7061C001468E4 /* ListCreate.swift */; };
		65DE8F1B20C738F0001468E4 /* ListStudy.swift in Sources */ = {isa = PBXBuildFile; fileRef = 65DE8F1A20C738F0001468E4 /* ListStudy.swift */; };
/* End PBXBuildFile section */

/* Begin PBXContainerItemProxy section */
		653ABD2920C25EC700F32195 /* PBXContainerItemProxy */ = {
			isa = PBXContainerItemProxy;
			containerPortal = 653ABD0920C25EC600F32195 /* Project object */;
			proxyType = 1;
			remoteGlobalIDString = 653ABD1020C25EC600F32195;
			remoteInfo = Cards;
		};
		653ABD3420C25EC700F32195 /* PBXContainerItemProxy */ = {
			isa = PBXContainerItemProxy;
			containerPortal = 653ABD0920C25EC600F32195 /* Project object */;
			proxyType = 1;
			remoteGlobalIDString = 653ABD1020C25EC600F32195;
			remoteInfo = Cards;
		};
/* End PBXContainerItemProxy section */

/* Begin PBXFileReference section */
		653ABD1120C25EC600F32195 /* Cards.app */ = {isa = PBXFileReference; explicitFileType = wrapper.application; includeInIndex = 0; path = Cards.app; sourceTree = BUILT_PRODUCTS_DIR; };
		653ABD1420C25EC600F32195 /* AppDelegate.swift */ = {isa = PBXFileReference; lastKnownFileType = sourcecode.swift; path = AppDelegate.swift; sourceTree = "<group>"; };
		653ABD1620C25EC600F32195 /* ViewController.swift */ = {isa = PBXFileReference; lastKnownFileType = sourcecode.swift; path = ViewController.swift; sourceTree = "<group>"; };
		653ABD1920C25EC600F32195 /* Base */ = {isa = PBXFileReference; lastKnownFileType = file.storyboard; name = Base; path = Base.lproj/Main.storyboard; sourceTree = "<group>"; };
		653ABD1C20C25EC600F32195 /* Cards.xcdatamodel */ = {isa = PBXFileReference; lastKnownFileType = wrapper.xcdatamodel; path = Cards.xcdatamodel; sourceTree = "<group>"; };
		653ABD1E20C25EC700F32195 /* Assets.xcassets */ = {isa = PBXFileReference; lastKnownFileType = folder.assetcatalog; path = Assets.xcassets; sourceTree = "<group>"; };
		653ABD2120C25EC700F32195 /* Base */ = {isa = PBXFileReference; lastKnownFileType = file.storyboard; name = Base; path = Base.lproj/LaunchScreen.storyboard; sourceTree = "<group>"; };
		653ABD2320C25EC700F32195 /* Info.plist */ = {isa = PBXFileReference; lastKnownFileType = text.plist.xml; path = Info.plist; sourceTree = "<group>"; };
		653ABD2820C25EC700F32195 /* CardsTests.xctest */ = {isa = PBXFileReference; explicitFileType = wrapper.cfbundle; includeInIndex = 0; path = CardsTests.xctest; sourceTree = BUILT_PRODUCTS_DIR; };
		653ABD2C20C25EC700F32195 /* CardsTests.swift */ = {isa = PBXFileReference; lastKnownFileType = sourcecode.swift; path = CardsTests.swift; sourceTree = "<group>"; };
		653ABD2E20C25EC700F32195 /* Info.plist */ = {isa = PBXFileReference; lastKnownFileType = text.plist.xml; path = Info.plist; sourceTree = "<group>"; };
		653ABD3320C25EC700F32195 /* CardsUITests.xctest */ = {isa = PBXFileReference; explicitFileType = wrapper.cfbundle; includeInIndex = 0; path = CardsUITests.xctest; sourceTree = BUILT_PRODUCTS_DIR; };
		653ABD3720C25EC700F32195 /* CardsUITests.swift */ = {isa = PBXFileReference; lastKnownFileType = sourcecode.swift; path = CardsUITests.swift; sourceTree = "<group>"; };
		653ABD3920C25EC700F32195 /* Info.plist */ = {isa = PBXFileReference; lastKnownFileType = text.plist.xml; path = Info.plist; sourceTree = "<group>"; };
		65AD288D20C38B9D00591015 /* SecondVCViewController.swift */ = {isa = PBXFileReference; lastKnownFileType = sourcecode.swift; path = SecondVCViewController.swift; sourceTree = "<group>"; };
		65DE8F1420C5B286001468E4 /* LandingPage.swift */ = {isa = PBXFileReference; lastKnownFileType = sourcecode.swift; path = LandingPage.swift; sourceTree = "<group>"; };
		65DE8F1820C7061C001468E4 /* ListCreate.swift */ = {isa = PBXFileReference; lastKnownFileType = sourcecode.swift; path = ListCreate.swift; sourceTree = "<group>"; };
		65DE8F1A20C738F0001468E4 /* ListStudy.swift */ = {isa = PBXFileReference; lastKnownFileType = sourcecode.swift; path = ListStudy.swift; sourceTree = "<group>"; };
/* End PBXFileReference section */

/* Begin PBXFrameworksBuildPhase section */
		653ABD0E20C25EC600F32195 /* Frameworks */ = {
			isa = PBXFrameworksBuildPhase;
			buildActionMask = 2147483647;
			files = (
			);
			runOnlyForDeploymentPostprocessing = 0;
		};
		653ABD2520C25EC700F32195 /* Frameworks */ = {
			isa = PBXFrameworksBuildPhase;
			buildActionMask = 2147483647;
			files = (
			);
			runOnlyForDeploymentPostprocessing = 0;
		};
		653ABD3020C25EC700F32195 /* Frameworks */ = {
			isa = PBXFrameworksBuildPhase;
			buildActionMask = 2147483647;
			files = (
			);
			runOnlyForDeploymentPostprocessing = 0;
		};
/* End PBXFrameworksBuildPhase section */

/* Begin PBXGroup section */
		653ABD0820C25EC600F32195 = {
			isa = PBXGroup;
			children = (
				653ABD1320C25EC600F32195 /* Cards */,
				653ABD2B20C25EC700F32195 /* CardsTests */,
				653ABD3620C25EC700F32195 /* CardsUITests */,
				653ABD1220C25EC600F32195 /* Products */,
			);
			sourceTree = "<group>";
		};
		653ABD1220C25EC600F32195 /* Products */ = {
			isa = PBXGroup;
			children = (
				653ABD1120C25EC600F32195 /* Cards.app */,
				653ABD2820C25EC700F32195 /* CardsTests.xctest */,
				653ABD3320C25EC700F32195 /* CardsUITests.xctest */,
			);
			name = Products;
			sourceTree = "<group>";
		};
		653ABD1320C25EC600F32195 /* Cards */ = {
			isa = PBXGroup;
			children = (
				653ABD1420C25EC600F32195 /* AppDelegate.swift */,
				653ABD1620C25EC600F32195 /* ViewController.swift */,
				653ABD1820C25EC600F32195 /* Main.storyboard */,
				653ABD1E20C25EC700F32195 /* Assets.xcassets */,
				653ABD2020C25EC700F32195 /* LaunchScreen.storyboard */,
				653ABD2320C25EC700F32195 /* Info.plist */,
				653ABD1B20C25EC600F32195 /* Cards.xcdatamodeld */,
				65AD288D20C38B9D00591015 /* SecondVCViewController.swift */,
				65DE8F1420C5B286001468E4 /* LandingPage.swift */,
				65DE8F1820C7061C001468E4 /* ListCreate.swift */,
				65DE8F1A20C738F0001468E4 /* ListStudy.swift */,
			);
			path = Cards;
			sourceTree = "<group>";
		};
		653ABD2B20C25EC700F32195 /* CardsTests */ = {
			isa = PBXGroup;
			children = (
				653ABD2C20C25EC700F32195 /* CardsTests.swift */,
				653ABD2E20C25EC700F32195 /* Info.plist */,
			);
			path = CardsTests;
			sourceTree = "<group>";
		};
		653ABD3620C25EC700F32195 /* CardsUITests */ = {
			isa = PBXGroup;
			children = (
				653ABD3720C25EC700F32195 /* CardsUITests.swift */,
				653ABD3920C25EC700F32195 /* Info.plist */,
			);
			path = CardsUITests;
			sourceTree = "<group>";
		};
/* End PBXGroup section */

/* Begin PBXNativeTarget section */
		653ABD1020C25EC600F32195 /* Cards */ = {
			isa = PBXNativeTarget;
			buildConfigurationList = 653ABD3C20C25EC700F32195 /* Build configuration list for PBXNativeTarget "Cards" */;
			buildPhases = (
				653ABD0D20C25EC600F32195 /* Sources */,
				653ABD0E20C25EC600F32195 /* Frameworks */,
				653ABD0F20C25EC600F32195 /* Resources */,
			);
			buildRules = (
			);
			dependencies = (
			);
			name = Cards;
			productName = Cards;
			productReference = 653ABD1120C25EC600F32195 /* Cards.app */;
			productType = "com.apple.product-type.application";
		};
		653ABD2720C25EC700F32195 /* CardsTests */ = {
			isa = PBXNativeTarget;
			buildConfigurationList = 653ABD3F20C25EC700F32195 /* Build configuration list for PBXNativeTarget "CardsTests" */;
			buildPhases = (
				653ABD2420C25EC700F32195 /* Sources */,
				653ABD2520C25EC700F32195 /* Frameworks */,
				653ABD2620C25EC700F32195 /* Resources */,
			);
			buildRules = (
			);
			dependencies = (
				653ABD2A20C25EC700F32195 /* PBXTargetDependency */,
			);
			name = CardsTests;
			productName = CardsTests;
			productReference = 653ABD2820C25EC700F32195 /* CardsTests.xctest */;
			productType = "com.apple.product-type.bundle.unit-test";
		};
		653ABD3220C25EC700F32195 /* CardsUITests */ = {
			isa = PBXNativeTarget;
			buildConfigurationList = 653ABD4220C25EC700F32195 /* Build configuration list for PBXNativeTarget "CardsUITests" */;
			buildPhases = (
				653ABD2F20C25EC700F32195 /* Sources */,
				653ABD3020C25EC700F32195 /* Frameworks */,
				653ABD3120C25EC700F32195 /* Resources */,
			);
			buildRules = (
			);
			dependencies = (
				653ABD3520C25EC700F32195 /* PBXTargetDependency */,
			);
			name = CardsUITests;
			productName = CardsUITests;
			productReference = 653ABD3320C25EC700F32195 /* CardsUITests.xctest */;
			productType = "com.apple.product-type.bundle.ui-testing";
		};
/* End PBXNativeTarget section */

/* Begin PBXProject section */
		653ABD0920C25EC600F32195 /* Project object */ = {
			isa = PBXProject;
			attributes = {
				LastSwiftUpdateCheck = 0930;
				LastUpgradeCheck = 0930;
				ORGANIZATIONNAME = "Parker Franks";
				TargetAttributes = {
					653ABD1020C25EC600F32195 = {
						CreatedOnToolsVersion = 9.3.1;
					};
					653ABD2720C25EC700F32195 = {
						CreatedOnToolsVersion = 9.3.1;
						TestTargetID = 653ABD1020C25EC600F32195;
					};
					653ABD3220C25EC700F32195 = {
						CreatedOnToolsVersion = 9.3.1;
						TestTargetID = 653ABD1020C25EC600F32195;
					};
				};
			};
			buildConfigurationList = 653ABD0C20C25EC600F32195 /* Build configuration list for PBXProject "Cards" */;
			compatibilityVersion = "Xcode 9.3";
			developmentRegion = en;
			hasScannedForEncodings = 0;
			knownRegions = (
				en,
				Base,
			);
			mainGroup = 653ABD0820C25EC600F32195;
			productRefGroup = 653ABD1220C25EC600F32195 /* Products */;
			projectDirPath = "";
			projectRoot = "";
			targets = (
				653ABD1020C25EC600F32195 /* Cards */,
				653ABD2720C25EC700F32195 /* CardsTests */,
				653ABD3220C25EC700F32195 /* CardsUITests */,
			);
		};
/* End PBXProject section */

/* Begin PBXResourcesBuildPhase section */
		653ABD0F20C25EC600F32195 /* Resources */ = {
			isa = PBXResourcesBuildPhase;
			buildActionMask = 2147483647;
			files = (
				653ABD2220C25EC700F32195 /* LaunchScreen.storyboard in Resources */,
				653ABD1F20C25EC700F32195 /* Assets.xcassets in Resources */,
				653ABD1A20C25EC600F32195 /* Main.storyboard in Resources */,
			);
			runOnlyForDeploymentPostprocessing = 0;
		};
		653ABD2620C25EC700F32195 /* Resources */ = {
			isa = PBXResourcesBuildPhase;
			buildActionMask = 2147483647;
			files = (
			);
			runOnlyForDeploymentPostprocessing = 0;
		};
		653ABD3120C25EC700F32195 /* Resources */ = {
			isa = PBXResourcesBuildPhase;
			buildActionMask = 2147483647;
			files = (
			);
			runOnlyForDeploymentPostprocessing = 0;
		};
/* End PBXResourcesBuildPhase section */

/* Begin PBXSourcesBuildPhase section */
		653ABD0D20C25EC600F32195 /* Sources */ = {
			isa = PBXSourcesBuildPhase;
			buildActionMask = 2147483647;
			files = (
				65DE8F1B20C738F0001468E4 /* ListStudy.swift in Sources */,
				653ABD1D20C25EC600F32195 /* Cards.xcdatamodeld in Sources */,
				65DE8F1920C7061C001468E4 /* ListCreate.swift in Sources */,
				65DE8F1520C5B286001468E4 /* LandingPage.swift in Sources */,
				653ABD1720C25EC600F32195 /* ViewController.swift in Sources */,
				653ABD1520C25EC600F32195 /* AppDelegate.swift in Sources */,
				65AD288E20C38B9D00591015 /* SecondVCViewController.swift in Sources */,
			);
			runOnlyForDeploymentPostprocessing = 0;
		};
		653ABD2420C25EC700F32195 /* Sources */ = {
			isa = PBXSourcesBuildPhase;
			buildActionMask = 2147483647;
			files = (
				653ABD2D20C25EC700F32195 /* CardsTests.swift in Sources */,
			);
			runOnlyForDeploymentPostprocessing = 0;
		};
		653ABD2F20C25EC700F32195 /* Sources */ = {
			isa = PBXSourcesBuildPhase;
			buildActionMask = 2147483647;
			files = (
				653ABD3820C25EC700F32195 /* CardsUITests.swift in Sources */,
			);
			runOnlyForDeploymentPostprocessing = 0;
		};
/* End PBXSourcesBuildPhase section */

/* Begin PBXTargetDependency section */
		653ABD2A20C25EC700F32195 /* PBXTargetDependency */ = {
			isa = PBXTargetDependency;
			target = 653ABD1020C25EC600F32195 /* Cards */;
			targetProxy = 653ABD2920C25EC700F32195 /* PBXContainerItemProxy */;
		};
		653ABD3520C25EC700F32195 /* PBXTargetDependency */ = {
			isa = PBXTargetDependency;
			target = 653ABD1020C25EC600F32195 /* Cards */;
			targetProxy = 653ABD3420C25EC700F32195 /* PBXContainerItemProxy */;
		};
/* End PBXTargetDependency section */

/* Begin PBXVariantGroup section */
		653ABD1820C25EC600F32195 /* Main.storyboard */ = {
			isa = PBXVariantGroup;
			children = (
				653ABD1920C25EC600F32195 /* Base */,
			);
			name = Main.storyboard;
			sourceTree = "<group>";
		};
		653ABD2020C25EC700F32195 /* LaunchScreen.storyboard */ = {
			isa = PBXVariantGroup;
			children = (
				653ABD2120C25EC700F32195 /* Base */,
			);
			name = LaunchScreen.storyboard;
			sourceTree = "<group>";
		};
/* End PBXVariantGroup section */

/* Begin XCBuildConfiguration section */
		653ABD3A20C25EC700F32195 /* Debug */ = {
			isa = XCBuildConfiguration;
			buildSettings = {
				ALWAYS_SEARCH_USER_PATHS = NO;
				CLANG_ANALYZER_NONNULL = YES;
				CLANG_ANALYZER_NUMBER_OBJECT_CONVERSION = YES_AGGRESSIVE;
				CLANG_CXX_LANGUAGE_STANDARD = "gnu++14";
				CLANG_CXX_LIBRARY = "libc++";
				CLANG_ENABLE_MODULES = YES;
				CLANG_ENABLE_OBJC_ARC = YES;
				CLANG_ENABLE_OBJC_WEAK = YES;
				CLANG_WARN_BLOCK_CAPTURE_AUTORELEASING = YES;
				CLANG_WARN_BOOL_CONVERSION = YES;
				CLANG_WARN_COMMA = YES;
				CLANG_WARN_CONSTANT_CONVERSION = YES;
				CLANG_WARN_DEPRECATED_OBJC_IMPLEMENTATIONS = YES;
				CLANG_WARN_DIRECT_OBJC_ISA_USAGE = YES_ERROR;
				CLANG_WARN_DOCUMENTATION_COMMENTS = YES;
				CLANG_WARN_EMPTY_BODY = YES;
				CLANG_WARN_ENUM_CONVERSION = YES;
				CLANG_WARN_INFINITE_RECURSION = YES;
				CLANG_WARN_INT_CONVERSION = YES;
				CLANG_WARN_NON_LITERAL_NULL_CONVERSION = YES;
				CLANG_WARN_OBJC_IMPLICIT_RETAIN_SELF = YES;
				CLANG_WARN_OBJC_LITERAL_CONVERSION = YES;
				CLANG_WARN_OBJC_ROOT_CLASS = YES_ERROR;
				CLANG_WARN_RANGE_LOOP_ANALYSIS = YES;
				CLANG_WARN_STRICT_PROTOTYPES = YES;
				CLANG_WARN_SUSPICIOUS_MOVE = YES;
				CLANG_WARN_UNGUARDED_AVAILABILITY = YES_AGGRESSIVE;
				CLANG_WARN_UNREACHABLE_CODE = YES;
				CLANG_WARN__DUPLICATE_METHOD_MATCH = YES;
				CODE_SIGN_IDENTITY = "iPhone Developer";
				COPY_PHASE_STRIP = NO;
				DEBUG_INFORMATION_FORMAT = dwarf;
				ENABLE_STRICT_OBJC_MSGSEND = YES;
				ENABLE_TESTABILITY = YES;
				GCC_C_LANGUAGE_STANDARD = gnu11;
				GCC_DYNAMIC_NO_PIC = NO;
				GCC_NO_COMMON_BLOCKS = YES;
				GCC_OPTIMIZATION_LEVEL = 0;
				GCC_PREPROCESSOR_DEFINITIONS = (
					"DEBUG=1",
					"$(inherited)",
				);
				GCC_WARN_64_TO_32_BIT_CONVERSION = YES;
				GCC_WARN_ABOUT_RETURN_TYPE = YES_ERROR;
				GCC_WARN_UNDECLARED_SELECTOR = YES;
				GCC_WARN_UNINITIALIZED_AUTOS = YES_AGGRESSIVE;
				GCC_WARN_UNUSED_FUNCTION = YES;
				GCC_WARN_UNUSED_VARIABLE = YES;
				IPHONEOS_DEPLOYMENT_TARGET = 11.3;
				MTL_ENABLE_DEBUG_INFO = YES;
				ONLY_ACTIVE_ARCH = YES;
				SDKROOT = iphoneos;
				SWIFT_ACTIVE_COMPILATION_CONDITIONS = DEBUG;
				SWIFT_OPTIMIZATION_LEVEL = "-Onone";
			};
			name = Debug;
		};
		653ABD3B20C25EC700F32195 /* Release */ = {
			isa = XCBuildConfiguration;
			buildSettings = {
				ALWAYS_SEARCH_USER_PATHS = NO;
				CLANG_ANALYZER_NONNULL = YES;
				CLANG_ANALYZER_NUMBER_OBJECT_CONVERSION = YES_AGGRESSIVE;
				CLANG_CXX_LANGUAGE_STANDARD = "gnu++14";
				CLANG_CXX_LIBRARY = "libc++";
				CLANG_ENABLE_MODULES = YES;
				CLANG_ENABLE_OBJC_ARC = YES;
				CLANG_ENABLE_OBJC_WEAK = YES;
				CLANG_WARN_BLOCK_CAPTURE_AUTORELEASING = YES;
				CLANG_WARN_BOOL_CONVERSION = YES;
				CLANG_WARN_COMMA = YES;
				CLANG_WARN_CONSTANT_CONVERSION = YES;
				CLANG_WARN_DEPRECATED_OBJC_IMPLEMENTATIONS = YES;
				CLANG_WARN_DIRECT_OBJC_ISA_USAGE = YES_ERROR;
				CLANG_WARN_DOCUMENTATION_COMMENTS = YES;
				CLANG_WARN_EMPTY_BODY = YES;
				CLANG_WARN_ENUM_CONVERSION = YES;
				CLANG_WARN_INFINITE_RECURSION = YES;
				CLANG_WARN_INT_CONVERSION = YES;
				CLANG_WARN_NON_LITERAL_NULL_CONVERSION = YES;
				CLANG_WARN_OBJC_IMPLICIT_RETAIN_SELF = YES;
				CLANG_WARN_OBJC_LITERAL_CONVERSION = YES;
				CLANG_WARN_OBJC_ROOT_CLASS = YES_ERROR;
				CLANG_WARN_RANGE_LOOP_ANALYSIS = YES;
				CLANG_WARN_STRICT_PROTOTYPES = YES;
				CLANG_WARN_SUSPICIOUS_MOVE = YES;
				CLANG_WARN_UNGUARDED_AVAILABILITY = YES_AGGRESSIVE;
				CLANG_WARN_UNREACHABLE_CODE = YES;
				CLANG_WARN__DUPLICATE_METHOD_MATCH = YES;
				CODE_SIGN_IDENTITY = "iPhone Developer";
				COPY_PHASE_STRIP = NO;
				DEBUG_INFORMATION_FORMAT = "dwarf-with-dsym";
				ENABLE_NS_ASSERTIONS = NO;
				ENABLE_STRICT_OBJC_MSGSEND = YES;
				GCC_C_LANGUAGE_STANDARD = gnu11;
				GCC_NO_COMMON_BLOCKS = YES;
				GCC_WARN_64_TO_32_BIT_CONVERSION = YES;
				GCC_WARN_ABOUT_RETURN_TYPE = YES_ERROR;
				GCC_WARN_UNDECLARED_SELECTOR = YES;
				GCC_WARN_UNINITIALIZED_AUTOS = YES_AGGRESSIVE;
				GCC_WARN_UNUSED_FUNCTION = YES;
				GCC_WARN_UNUSED_VARIABLE = YES;
				IPHONEOS_DEPLOYMENT_TARGET = 11.3;
				MTL_ENABLE_DEBUG_INFO = NO;
				SDKROOT = iphoneos;
				SWIFT_COMPILATION_MODE = wholemodule;
				SWIFT_OPTIMIZATION_LEVEL = "-O";
				VALIDATE_PRODUCT = YES;
			};
			name = Release;
		};
		653ABD3D20C25EC700F32195 /* Debug */ = {
			isa = XCBuildConfiguration;
			buildSettings = {
				ASSETCATALOG_COMPILER_APPICON_NAME = AppIcon;
				ASSETCATALOG_COMPILER_LAUNCHIMAGE_NAME = "LaunchImage-2";
				CODE_SIGN_STYLE = Automatic;
				DEVELOPMENT_TEAM = 8J7XAJBP4A;
				INFOPLIST_FILE = Cards/Info.plist;
				LD_RUNPATH_SEARCH_PATHS = (
					"$(inherited)",
					"@executable_path/Frameworks",
				);
				PRODUCT_BUNDLE_IDENTIFIER = com.example.parkerfranks.Cards;
				PRODUCT_NAME = "$(TARGET_NAME)";
				SWIFT_VERSION = 4.0;
				TARGETED_DEVICE_FAMILY = 1;
			};
			name = Debug;
		};
		653ABD3E20C25EC700F32195 /* Release */ = {
			isa = XCBuildConfiguration;
			buildSettings = {
				ASSETCATALOG_COMPILER_APPICON_NAME = AppIcon;
				ASSETCATALOG_COMPILER_LAUNCHIMAGE_NAME = "LaunchImage-2";
				CODE_SIGN_STYLE = Automatic;
				DEVELOPMENT_TEAM = 8J7XAJBP4A;
				INFOPLIST_FILE = Cards/Info.plist;
				LD_RUNPATH_SEARCH_PATHS = (
					"$(inherited)",
					"@executable_path/Frameworks",
				);
				PRODUCT_BUNDLE_IDENTIFIER = com.example.parkerfranks.Cards;
				PRODUCT_NAME = "$(TARGET_NAME)";
				SWIFT_VERSION = 4.0;
				TARGETED_DEVICE_FAMILY = 1;
			};
			name = Release;
		};
		653ABD4020C25EC700F32195 /* Debug */ = {
			isa = XCBuildConfiguration;
			buildSettings = {
				ALWAYS_EMBED_SWIFT_STANDARD_LIBRARIES = YES;
				BUNDLE_LOADER = "$(TEST_HOST)";
				CODE_SIGN_STYLE = Automatic;
				INFOPLIST_FILE = CardsTests/Info.plist;
				LD_RUNPATH_SEARCH_PATHS = (
					"$(inherited)",
					"@executable_path/Frameworks",
					"@loader_path/Frameworks",
				);
				PRODUCT_BUNDLE_IDENTIFIER = com.example.parkerfranks.CardsTests;
				PRODUCT_NAME = "$(TARGET_NAME)";
				SWIFT_VERSION = 4.0;
				TARGETED_DEVICE_FAMILY = "1,2";
				TEST_HOST = "$(BUILT_PRODUCTS_DIR)/Cards.app/Cards";
			};
			name = Debug;
		};
		653ABD4120C25EC700F32195 /* Release */ = {
			isa = XCBuildConfiguration;
			buildSettings = {
				ALWAYS_EMBED_SWIFT_STANDARD_LIBRARIES = YES;
				BUNDLE_LOADER = "$(TEST_HOST)";
				CODE_SIGN_STYLE = Automatic;
				INFOPLIST_FILE = CardsTests/Info.plist;
				LD_RUNPATH_SEARCH_PATHS = (
					"$(inherited)",
					"@executable_path/Frameworks",
					"@loader_path/Frameworks",
				);
				PRODUCT_BUNDLE_IDENTIFIER = com.example.parkerfranks.CardsTests;
				PRODUCT_NAME = "$(TARGET_NAME)";
				SWIFT_VERSION = 4.0;
				TARGETED_DEVICE_FAMILY = "1,2";
				TEST_HOST = "$(BUILT_PRODUCTS_DIR)/Cards.app/Cards";
			};
			name = Release;
		};
		653ABD4320C25EC700F32195 /* Debug */ = {
			isa = XCBuildConfiguration;
			buildSettings = {
				ALWAYS_EMBED_SWIFT_STANDARD_LIBRARIES = YES;
				CODE_SIGN_STYLE = Automatic;
				INFOPLIST_FILE = CardsUITests/Info.plist;
				LD_RUNPATH_SEARCH_PATHS = (
					"$(inherited)",
					"@executable_path/Frameworks",
					"@loader_path/Frameworks",
				);
				PRODUCT_BUNDLE_IDENTIFIER = com.example.parkerfranks.CardsUITests;
				PRODUCT_NAME = "$(TARGET_NAME)";
				SWIFT_VERSION = 4.0;
				TARGETED_DEVICE_FAMILY = "1,2";
				TEST_TARGET_NAME = Cards;
			};
			name = Debug;
		};
		653ABD4420C25EC700F32195 /* Release */ = {
			isa = XCBuildConfiguration;
			buildSettings = {
				ALWAYS_EMBED_SWIFT_STANDARD_LIBRARIES = YES;
				CODE_SIGN_STYLE = Automatic;
				INFOPLIST_FILE = CardsUITests/Info.plist;
				LD_RUNPATH_SEARCH_PATHS = (
					"$(inherited)",
					"@executable_path/Frameworks",
					"@loader_path/Frameworks",
				);
				PRODUCT_BUNDLE_IDENTIFIER = com.example.parkerfranks.CardsUITests;
				PRODUCT_NAME = "$(TARGET_NAME)";
				SWIFT_VERSION = 4.0;
				TARGETED_DEVICE_FAMILY = "1,2";
				TEST_TARGET_NAME = Cards;
			};
			name = Release;
		};
/* End XCBuildConfiguration section */

/* Begin XCConfigurationList section */
		653ABD0C20C25EC600F32195 /* Build configuration list for PBXProject "Cards" */ = {
			isa = XCConfigurationList;
			buildConfigurations = (
				653ABD3A20C25EC700F32195 /* Debug */,
				653ABD3B20C25EC700F32195 /* Release */,
			);
			defaultConfigurationIsVisible = 0;
			defaultConfigurationName = Release;
		};
		653ABD3C20C25EC700F32195 /* Build configuration list for PBXNativeTarget "Cards" */ = {
			isa = XCConfigurationList;
			buildConfigurations = (
				653ABD3D20C25EC700F32195 /* Debug */,
				653ABD3E20C25EC700F32195 /* Release */,
			);
			defaultConfigurationIsVisible = 0;
			defaultConfigurationName = Release;
		};
		653ABD3F20C25EC700F32195 /* Build configuration list for PBXNativeTarget "CardsTests" */ = {
			isa = XCConfigurationList;
			buildConfigurations = (
				653ABD4020C25EC700F32195 /* Debug */,
				653ABD4120C25EC700F32195 /* Release */,
			);
			defaultConfigurationIsVisible = 0;
			defaultConfigurationName = Release;
		};
		653ABD4220C25EC700F32195 /* Build configuration list for PBXNativeTarget "CardsUITests" */ = {
			isa = XCConfigurationList;
			buildConfigurations = (
				653ABD4320C25EC700F32195 /* Debug */,
				653ABD4420C25EC700F32195 /* Release */,
			);
			defaultConfigurationIsVisible = 0;
			defaultConfigurationName = Release;
		};
/* End XCConfigurationList section */

/* Begin XCVersionGroup section */
		653ABD1B20C25EC600F32195 /* Cards.xcdatamodeld */ = {
			isa = XCVersionGroup;
			children = (
				653ABD1C20C25EC600F32195 /* Cards.xcdatamodel */,
			);
			currentVersion = 653ABD1C20C25EC600F32195 /* Cards.xcdatamodel */;
			path = Cards.xcdatamodeld;
			sourceTree = "<group>";
			versionGroupType = wrapper.xcdatamodel;
		};
/* End XCVersionGroup section */
	};
	rootObject = 653ABD0920C25EC600F32195 /* Project object */;
}
